
Microsoft Visual Studio Solution File, Format Version 12.00
# Visual Studio 15
VisualStudioVersion = 15.0.26430.16
MinimumVisualStudioVersion = 10.0.40219.1
Project("{2150E333-8FDC-42A3-9474-1A3956D46DE8}") = "src", "src", "{C6559684-F059-42C7-BF43-7B01CF3F97F2}"
EndProject
Project("{2150E333-8FDC-42A3-9474-1A3956D46DE8}") = "docs", "docs", "{F0F2D50C-7458-48E1-BEF8-289FF19DC235}"
EndProject
Project("{2150E333-8FDC-42A3-9474-1A3956D46DE8}") = "tests", "tests", "{63C643C4-7467-416B-A92A-613F0C69990E}"
EndProject
Project("{9A19103F-16F7-4668-BE54-9A1E7A4F7556}") = "MatchMaker.Shared", "src\MatchMaker.Shared\MatchMaker.Shared.csproj", "{11A43894-8371-498F-93FB-81C5D099262A}"
EndProject
Project("{9A19103F-16F7-4668-BE54-9A1E7A4F7556}") = "MatchMaker.Api", "src\backend\MatchMaker.Api\MatchMaker.Api.csproj", "{F00B9535-C29D-4F42-AE3B-2C42233AAE40}"
EndProject
Project("{2150E333-8FDC-42A3-9474-1A3956D46DE8}") = "backend", "backend", "{95E9AAAC-B0F3-450A-A1A7-B1362B58BAFB}"
EndProject
Project("{FAE04EC0-301F-11D3-BF4B-00C04F79EFBC}") = "MatchMaker.UI", "src\frontend\MatchMaker.UI\MatchMaker.UI.csproj", "{FFEB8D1E-777E-4066-A1D8-8AAEB1AA0928}"
EndProject
Project("{FAE04EC0-301F-11D3-BF4B-00C04F79EFBC}") = "MatchMaker.UI.Android", "src\frontend\MatchMaker.UI.Android\MatchMaker.UI.Android.csproj", "{2FFEF11C-3073-4941-AFC2-804D57AB9C9A}"
EndProject
Project("{FAE04EC0-301F-11D3-BF4B-00C04F79EFBC}") = "MatchMaker.UI.iOS", "src\frontend\MatchMaker.UI.iOS\MatchMaker.UI.iOS.csproj", "{AABF9699-37DB-43E2-AE83-FBAA0FC44326}"
EndProject
Project("{FAE04EC0-301F-11D3-BF4B-00C04F79EFBC}") = "MatchMaker.UI.UWP", "src\frontend\MatchMaker.UI.UWP\MatchMaker.UI.UWP.csproj", "{1E08D749-0D34-431B-A511-A870FD5978D1}"
EndProject
Project("{2150E333-8FDC-42A3-9474-1A3956D46DE8}") = "frontend", "frontend", "{DCF1C02D-3901-4EC9-8117-B1FABD85B650}"
EndProject
Global
	GlobalSection(SolutionConfigurationPlatforms) = preSolution
		Debug|Any CPU = Debug|Any CPU
		Debug|ARM = Debug|ARM
		Debug|iPhone = Debug|iPhone
		Debug|iPhoneSimulator = Debug|iPhoneSimulator
		Debug|x64 = Debug|x64
		Debug|x86 = Debug|x86
		Release|Any CPU = Release|Any CPU
		Release|ARM = Release|ARM
		Release|iPhone = Release|iPhone
		Release|iPhoneSimulator = Release|iPhoneSimulator
		Release|x64 = Release|x64
		Release|x86 = Release|x86
	EndGlobalSection
	GlobalSection(ProjectConfigurationPlatforms) = postSolution
		{11A43894-8371-498F-93FB-81C5D099262A}.Debug|Any CPU.ActiveCfg = Debug|Any CPU
		{11A43894-8371-498F-93FB-81C5D099262A}.Debug|Any CPU.Build.0 = Debug|Any CPU
		{11A43894-8371-498F-93FB-81C5D099262A}.Debug|ARM.ActiveCfg = Debug|Any CPU
		{11A43894-8371-498F-93FB-81C5D099262A}.Debug|ARM.Build.0 = Debug|Any CPU
		{11A43894-8371-498F-93FB-81C5D099262A}.Debug|iPhone.ActiveCfg = Debug|Any CPU
		{11A43894-8371-498F-93FB-81C5D099262A}.Debug|iPhone.Build.0 = Debug|Any CPU
		{11A43894-8371-498F-93FB-81C5D099262A}.Debug|iPhoneSimulator.ActiveCfg = Debug|Any CPU
		{11A43894-8371-498F-93FB-81C5D099262A}.Debug|iPhoneSimulator.Build.0 = Debug|Any CPU
		{11A43894-8371-498F-93FB-81C5D099262A}.Debug|x64.ActiveCfg = Debug|Any CPU
		{11A43894-8371-498F-93FB-81C5D099262A}.Debug|x64.Build.0 = Debug|Any CPU
		{11A43894-8371-498F-93FB-81C5D099262A}.Debug|x86.ActiveCfg = Debug|Any CPU
		{11A43894-8371-498F-93FB-81C5D099262A}.Debug|x86.Build.0 = Debug|Any CPU
		{11A43894-8371-498F-93FB-81C5D099262A}.Release|Any CPU.ActiveCfg = Release|Any CPU
		{11A43894-8371-498F-93FB-81C5D099262A}.Release|Any CPU.Build.0 = Release|Any CPU
		{11A43894-8371-498F-93FB-81C5D099262A}.Release|ARM.ActiveCfg = Release|Any CPU
		{11A43894-8371-498F-93FB-81C5D099262A}.Release|ARM.Build.0 = Release|Any CPU
		{11A43894-8371-498F-93FB-81C5D099262A}.Release|iPhone.ActiveCfg = Release|Any CPU
		{11A43894-8371-498F-93FB-81C5D099262A}.Release|iPhone.Build.0 = Release|Any CPU
		{11A43894-8371-498F-93FB-81C5D099262A}.Release|iPhoneSimulator.ActiveCfg = Release|Any CPU
		{11A43894-8371-498F-93FB-81C5D099262A}.Release|iPhoneSimulator.Build.0 = Release|Any CPU
		{11A43894-8371-498F-93FB-81C5D099262A}.Release|x64.ActiveCfg = Release|Any CPU
		{11A43894-8371-498F-93FB-81C5D099262A}.Release|x64.Build.0 = Release|Any CPU
		{11A43894-8371-498F-93FB-81C5D099262A}.Release|x86.ActiveCfg = Release|Any CPU
		{11A43894-8371-498F-93FB-81C5D099262A}.Release|x86.Build.0 = Release|Any CPU
		{F00B9535-C29D-4F42-AE3B-2C42233AAE40}.Debug|Any CPU.ActiveCfg = Debug|Any CPU
		{F00B9535-C29D-4F42-AE3B-2C42233AAE40}.Debug|Any CPU.Build.0 = Debug|Any CPU
		{F00B9535-C29D-4F42-AE3B-2C42233AAE40}.Debug|ARM.ActiveCfg = Debug|Any CPU
		{F00B9535-C29D-4F42-AE3B-2C42233AAE40}.Debug|ARM.Build.0 = Debug|Any CPU
		{F00B9535-C29D-4F42-AE3B-2C42233AAE40}.Debug|iPhone.ActiveCfg = Debug|Any CPU
		{F00B9535-C29D-4F42-AE3B-2C42233AAE40}.Debug|iPhone.Build.0 = Debug|Any CPU
		{F00B9535-C29D-4F42-AE3B-2C42233AAE40}.Debug|iPhoneSimulator.ActiveCfg = Debug|Any CPU
		{F00B9535-C29D-4F42-AE3B-2C42233AAE40}.Debug|iPhoneSimulator.Build.0 = Debug|Any CPU
		{F00B9535-C29D-4F42-AE3B-2C42233AAE40}.Debug|x64.ActiveCfg = Debug|Any CPU
		{F00B9535-C29D-4F42-AE3B-2C42233AAE40}.Debug|x64.Build.0 = Debug|Any CPU
		{F00B9535-C29D-4F42-AE3B-2C42233AAE40}.Debug|x86.ActiveCfg = Debug|Any CPU
		{F00B9535-C29D-4F42-AE3B-2C42233AAE40}.Debug|x86.Build.0 = Debug|Any CPU
		{F00B9535-C29D-4F42-AE3B-2C42233AAE40}.Release|Any CPU.ActiveCfg = Release|Any CPU
		{F00B9535-C29D-4F42-AE3B-2C42233AAE40}.Release|Any CPU.Build.0 = Release|Any CPU
		{F00B9535-C29D-4F42-AE3B-2C42233AAE40}.Release|ARM.ActiveCfg = Release|Any CPU
		{F00B9535-C29D-4F42-AE3B-2C42233AAE40}.Release|ARM.Build.0 = Release|Any CPU
		{F00B9535-C29D-4F42-AE3B-2C42233AAE40}.Release|iPhone.ActiveCfg = Release|Any CPU
		{F00B9535-C29D-4F42-AE3B-2C42233AAE40}.Release|iPhone.Build.0 = Release|Any CPU
		{F00B9535-C29D-4F42-AE3B-2C42233AAE40}.Release|iPhoneSimulator.ActiveCfg = Release|Any CPU
		{F00B9535-C29D-4F42-AE3B-2C42233AAE40}.Release|iPhoneSimulator.Build.0 = Release|Any CPU
		{F00B9535-C29D-4F42-AE3B-2C42233AAE40}.Release|x64.ActiveCfg = Release|Any CPU
		{F00B9535-C29D-4F42-AE3B-2C42233AAE40}.Release|x64.Build.0 = Release|Any CPU
		{F00B9535-C29D-4F42-AE3B-2C42233AAE40}.Release|x86.ActiveCfg = Release|Any CPU
		{F00B9535-C29D-4F42-AE3B-2C42233AAE40}.Release|x86.Build.0 = Release|Any CPU
		{FFEB8D1E-777E-4066-A1D8-8AAEB1AA0928}.Debug|Any CPU.ActiveCfg = Debug|Any CPU
		{FFEB8D1E-777E-4066-A1D8-8AAEB1AA0928}.Debug|Any CPU.Build.0 = Debug|Any CPU
		{FFEB8D1E-777E-4066-A1D8-8AAEB1AA0928}.Debug|ARM.ActiveCfg = Debug|Any CPU
		{FFEB8D1E-777E-4066-A1D8-8AAEB1AA0928}.Debug|ARM.Build.0 = Debug|Any CPU
		{FFEB8D1E-777E-4066-A1D8-8AAEB1AA0928}.Debug|iPhone.ActiveCfg = Debug|Any CPU
		{FFEB8D1E-777E-4066-A1D8-8AAEB1AA0928}.Debug|iPhone.Build.0 = Debug|Any CPU
		{FFEB8D1E-777E-4066-A1D8-8AAEB1AA0928}.Debug|iPhoneSimulator.ActiveCfg = Debug|Any CPU
		{FFEB8D1E-777E-4066-A1D8-8AAEB1AA0928}.Debug|iPhoneSimulator.Build.0 = Debug|Any CPU
		{FFEB8D1E-777E-4066-A1D8-8AAEB1AA0928}.Debug|x64.ActiveCfg = Debug|Any CPU
		{FFEB8D1E-777E-4066-A1D8-8AAEB1AA0928}.Debug|x64.Build.0 = Debug|Any CPU
		{FFEB8D1E-777E-4066-A1D8-8AAEB1AA0928}.Debug|x86.ActiveCfg = Debug|Any CPU
		{FFEB8D1E-777E-4066-A1D8-8AAEB1AA0928}.Debug|x86.Build.0 = Debug|Any CPU
		{FFEB8D1E-777E-4066-A1D8-8AAEB1AA0928}.Release|Any CPU.ActiveCfg = Release|Any CPU
		{FFEB8D1E-777E-4066-A1D8-8AAEB1AA0928}.Release|Any CPU.Build.0 = Release|Any CPU
		{FFEB8D1E-777E-4066-A1D8-8AAEB1AA0928}.Release|ARM.ActiveCfg = Release|Any CPU
		{FFEB8D1E-777E-4066-A1D8-8AAEB1AA0928}.Release|ARM.Build.0 = Release|Any CPU
		{FFEB8D1E-777E-4066-A1D8-8AAEB1AA0928}.Release|iPhone.ActiveCfg = Release|Any CPU
		{FFEB8D1E-777E-4066-A1D8-8AAEB1AA0928}.Release|iPhone.Build.0 = Release|Any CPU
		{FFEB8D1E-777E-4066-A1D8-8AAEB1AA0928}.Release|iPhoneSimulator.ActiveCfg = Release|Any CPU
		{FFEB8D1E-777E-4066-A1D8-8AAEB1AA0928}.Release|iPhoneSimulator.Build.0 = Release|Any CPU
		{FFEB8D1E-777E-4066-A1D8-8AAEB1AA0928}.Release|x64.ActiveCfg = Release|Any CPU
		{FFEB8D1E-777E-4066-A1D8-8AAEB1AA0928}.Release|x64.Build.0 = Release|Any CPU
		{FFEB8D1E-777E-4066-A1D8-8AAEB1AA0928}.Release|x86.ActiveCfg = Release|Any CPU
		{FFEB8D1E-777E-4066-A1D8-8AAEB1AA0928}.Release|x86.Build.0 = Release|Any CPU
		{2FFEF11C-3073-4941-AFC2-804D57AB9C9A}.Debug|Any CPU.ActiveCfg = Debug|Any CPU
		{2FFEF11C-3073-4941-AFC2-804D57AB9C9A}.Debug|Any CPU.Build.0 = Debug|Any CPU
		{2FFEF11C-3073-4941-AFC2-804D57AB9C9A}.Debug|Any CPU.Deploy.0 = Debug|Any CPU
		{2FFEF11C-3073-4941-AFC2-804D57AB9C9A}.Debug|ARM.ActiveCfg = Debug|Any CPU
		{2FFEF11C-3073-4941-AFC2-804D57AB9C9A}.Debug|ARM.Build.0 = Debug|Any CPU
		{2FFEF11C-3073-4941-AFC2-804D57AB9C9A}.Debug|ARM.Deploy.0 = Debug|Any CPU
		{2FFEF11C-3073-4941-AFC2-804D57AB9C9A}.Debug|iPhone.ActiveCfg = Debug|Any CPU
		{2FFEF11C-3073-4941-AFC2-804D57AB9C9A}.Debug|iPhone.Build.0 = Debug|Any CPU
		{2FFEF11C-3073-4941-AFC2-804D57AB9C9A}.Debug|iPhone.Deploy.0 = Debug|Any CPU
		{2FFEF11C-3073-4941-AFC2-804D57AB9C9A}.Debug|iPhoneSimulator.ActiveCfg = Debug|Any CPU
		{2FFEF11C-3073-4941-AFC2-804D57AB9C9A}.Debug|iPhoneSimulator.Build.0 = Debug|Any CPU
		{2FFEF11C-3073-4941-AFC2-804D57AB9C9A}.Debug|iPhoneSimulator.Deploy.0 = Debug|Any CPU
		{2FFEF11C-3073-4941-AFC2-804D57AB9C9A}.Debug|x64.ActiveCfg = Debug|Any CPU
		{2FFEF11C-3073-4941-AFC2-804D57AB9C9A}.Debug|x64.Build.0 = Debug|Any CPU
		{2FFEF11C-3073-4941-AFC2-804D57AB9C9A}.Debug|x64.Deploy.0 = Debug|Any CPU
		{2FFEF11C-3073-4941-AFC2-804D57AB9C9A}.Debug|x86.ActiveCfg = Debug|Any CPU
		{2FFEF11C-3073-4941-AFC2-804D57AB9C9A}.Debug|x86.Build.0 = Debug|Any CPU
		{2FFEF11C-3073-4941-AFC2-804D57AB9C9A}.Debug|x86.Deploy.0 = Debug|Any CPU
		{2FFEF11C-3073-4941-AFC2-804D57AB9C9A}.Release|Any CPU.ActiveCfg = Release|Any CPU
		{2FFEF11C-3073-4941-AFC2-804D57AB9C9A}.Release|Any CPU.Build.0 = Release|Any CPU
		{2FFEF11C-3073-4941-AFC2-804D57AB9C9A}.Release|Any CPU.Deploy.0 = Release|Any CPU
		{2FFEF11C-3073-4941-AFC2-804D57AB9C9A}.Release|ARM.ActiveCfg = Release|Any CPU
		{2FFEF11C-3073-4941-AFC2-804D57AB9C9A}.Release|ARM.Build.0 = Release|Any CPU
		{2FFEF11C-3073-4941-AFC2-804D57AB9C9A}.Release|ARM.Deploy.0 = Release|Any CPU
		{2FFEF11C-3073-4941-AFC2-804D57AB9C9A}.Release|iPhone.ActiveCfg = Release|Any CPU
		{2FFEF11C-3073-4941-AFC2-804D57AB9C9A}.Release|iPhone.Build.0 = Release|Any CPU
		{2FFEF11C-3073-4941-AFC2-804D57AB9C9A}.Release|iPhone.Deploy.0 = Release|Any CPU
		{2FFEF11C-3073-4941-AFC2-804D57AB9C9A}.Release|iPhoneSimulator.ActiveCfg = Release|Any CPU
		{2FFEF11C-3073-4941-AFC2-804D57AB9C9A}.Release|iPhoneSimulator.Build.0 = Release|Any CPU
		{2FFEF11C-3073-4941-AFC2-804D57AB9C9A}.Release|iPhoneSimulator.Deploy.0 = Release|Any CPU
		{2FFEF11C-3073-4941-AFC2-804D57AB9C9A}.Release|x64.ActiveCfg = Release|Any CPU
		{2FFEF11C-3073-4941-AFC2-804D57AB9C9A}.Release|x64.Build.0 = Release|Any CPU
		{2FFEF11C-3073-4941-AFC2-804D57AB9C9A}.Release|x64.Deploy.0 = Release|Any CPU
		{2FFEF11C-3073-4941-AFC2-804D57AB9C9A}.Release|x86.ActiveCfg = Release|Any CPU
		{2FFEF11C-3073-4941-AFC2-804D57AB9C9A}.Release|x86.Build.0 = Release|Any CPU
		{2FFEF11C-3073-4941-AFC2-804D57AB9C9A}.Release|x86.Deploy.0 = Release|Any CPU
		{AABF9699-37DB-43E2-AE83-FBAA0FC44326}.Debug|Any CPU.ActiveCfg = Debug|iPhone
		{AABF9699-37DB-43E2-AE83-FBAA0FC44326}.Debug|ARM.ActiveCfg = Debug|iPhone
		{AABF9699-37DB-43E2-AE83-FBAA0FC44326}.Debug|iPhone.ActiveCfg = Debug|iPhone
		{AABF9699-37DB-43E2-AE83-FBAA0FC44326}.Debug|iPhone.Build.0 = Debug|iPhone
		{AABF9699-37DB-43E2-AE83-FBAA0FC44326}.Debug|iPhoneSimulator.ActiveCfg = Debug|iPhoneSimulator
		{AABF9699-37DB-43E2-AE83-FBAA0FC44326}.Debug|iPhoneSimulator.Build.0 = Debug|iPhoneSimulator
		{AABF9699-37DB-43E2-AE83-FBAA0FC44326}.Debug|x64.ActiveCfg = Debug|iPhone
		{AABF9699-37DB-43E2-AE83-FBAA0FC44326}.Debug|x86.ActiveCfg = Debug|iPhone
		{AABF9699-37DB-43E2-AE83-FBAA0FC44326}.Release|Any CPU.ActiveCfg = Release|iPhone
		{AABF9699-37DB-43E2-AE83-FBAA0FC44326}.Release|ARM.ActiveCfg = Release|iPhone
		{AABF9699-37DB-43E2-AE83-FBAA0FC44326}.Release|iPhone.ActiveCfg = Release|iPhone
		{AABF9699-37DB-43E2-AE83-FBAA0FC44326}.Release|iPhone.Build.0 = Release|iPhone
		{AABF9699-37DB-43E2-AE83-FBAA0FC44326}.Release|iPhoneSimulator.ActiveCfg = Release|iPhoneSimulator
		{AABF9699-37DB-43E2-AE83-FBAA0FC44326}.Release|iPhoneSimulator.Build.0 = Release|iPhoneSimulator
		{AABF9699-37DB-43E2-AE83-FBAA0FC44326}.Release|x64.ActiveCfg = Release|iPhone
		{AABF9699-37DB-43E2-AE83-FBAA0FC44326}.Release|x86.ActiveCfg = Release|iPhone
		{1E08D749-0D34-431B-A511-A870FD5978D1}.Debug|Any CPU.ActiveCfg = Debug|x86
		{1E08D749-0D34-431B-A511-A870FD5978D1}.Debug|ARM.ActiveCfg = Debug|ARM
		{1E08D749-0D34-431B-A511-A870FD5978D1}.Debug|ARM.Build.0 = Debug|ARM
		{1E08D749-0D34-431B-A511-A870FD5978D1}.Debug|ARM.Deploy.0 = Debug|ARM
		{1E08D749-0D34-431B-A511-A870FD5978D1}.Debug|iPhone.ActiveCfg = Debug|x86
		{1E08D749-0D34-431B-A511-A870FD5978D1}.Debug|iPhoneSimulator.ActiveCfg = Debug|x86
		{1E08D749-0D34-431B-A511-A870FD5978D1}.Debug|x64.ActiveCfg = Debug|x64
		{1E08D749-0D34-431B-A511-A870FD5978D1}.Debug|x64.Build.0 = Debug|x64
		{1E08D749-0D34-431B-A511-A870FD5978D1}.Debug|x64.Deploy.0 = Debug|x64
		{1E08D749-0D34-431B-A511-A870FD5978D1}.Debug|x86.ActiveCfg = Debug|x86
		{1E08D749-0D34-431B-A511-A870FD5978D1}.Debug|x86.Build.0 = Debug|x86
		{1E08D749-0D34-431B-A511-A870FD5978D1}.Debug|x86.Deploy.0 = Debug|x86
		{1E08D749-0D34-431B-A511-A870FD5978D1}.Release|Any CPU.ActiveCfg = Release|x86
		{1E08D749-0D34-431B-A511-A870FD5978D1}.Release|ARM.ActiveCfg = Release|ARM
		{1E08D749-0D34-431B-A511-A870FD5978D1}.Release|ARM.Build.0 = Release|ARM
		{1E08D749-0D34-431B-A511-A870FD5978D1}.Release|ARM.Deploy.0 = Release|ARM
		{1E08D749-0D34-431B-A511-A870FD5978D1}.Release|iPhone.ActiveCfg = Release|x86
		{1E08D749-0D34-431B-A511-A870FD5978D1}.Release|iPhoneSimulator.ActiveCfg = Release|x86
		{1E08D749-0D34-431B-A511-A870FD5978D1}.Release|x64.ActiveCfg = Release|x64
		{1E08D749-0D34-431B-A511-A870FD5978D1}.Release|x64.Build.0 = Release|x64
		{1E08D749-0D34-431B-A511-A870FD5978D1}.Release|x64.Deploy.0 = Release|x64
		{1E08D749-0D34-431B-A511-A870FD5978D1}.Release|x86.ActiveCfg = Release|x86
		{1E08D749-0D34-431B-A511-A870FD5978D1}.Release|x86.Build.0 = Release|x86
		{1E08D749-0D34-431B-A511-A870FD5978D1}.Release|x86.Deploy.0 = Release|x86
	EndGlobalSection
	GlobalSection(SolutionProperties) = preSolution
		HideSolutionNode = FALSE
	EndGlobalSection
	GlobalSection(NestedProjects) = preSolution
		{11A43894-8371-498F-93FB-81C5D099262A} = {C6559684-F059-42C7-BF43-7B01CF3F97F2}
		{F00B9535-C29D-4F42-AE3B-2C42233AAE40} = {95E9AAAC-B0F3-450A-A1A7-B1362B58BAFB}
		{95E9AAAC-B0F3-450A-A1A7-B1362B58BAFB} = {C6559684-F059-42C7-BF43-7B01CF3F97F2}
		{FFEB8D1E-777E-4066-A1D8-8AAEB1AA0928} = {DCF1C02D-3901-4EC9-8117-B1FABD85B650}
		{2FFEF11C-3073-4941-AFC2-804D57AB9C9A} = {DCF1C02D-3901-4EC9-8117-B1FABD85B650}
		{AABF9699-37DB-43E2-AE83-FBAA0FC44326} = {DCF1C02D-3901-4EC9-8117-B1FABD85B650}
		{1E08D749-0D34-431B-A511-A870FD5978D1} = {DCF1C02D-3901-4EC9-8117-B1FABD85B650}
		{DCF1C02D-3901-4EC9-8117-B1FABD85B650} = {C6559684-F059-42C7-BF43-7B01CF3F97F2}
	EndGlobalSection
EndGlobal
